<?xml version="1.0" encoding="utf-8"?>
<Project ToolsVersion="4.0" xmlns="http://schemas.microsoft.com/developer/msbuild/2003">
  <ItemGroup>
    <Filter Include="Source Files">
      <UniqueIdentifier>{4FC737F1-C7A5-4376-A066-2A32D752A2FF}</UniqueIdentifier>
      <Extensions>cpp;c;cc;cxx;c++;cppm;ixx;def;odl;idl;hpj;bat;asm;asmx</Extensions>
    </Filter>
    <Filter Include="Header Files">
      <UniqueIdentifier>{93995380-89BD-4b04-88EB-625FBE52EBFB}</UniqueIdentifier>
      <Extensions>h;hh;hpp;hxx;h++;hm;inl;inc;ipp;xsd</Extensions>
    </Filter>
    <Filter Include="Resource Files">
      <UniqueIdentifier>{67DA6AB6-F800-4c08-8B7A-83BB121AAD01}</UniqueIdentifier>
      <Extensions>rc;ico;cur;bmp;dlg;rc2;rct;bin;rgs;gif;jpg;jpeg;jpe;resx;tiff;tif;png;wav;mfcribbon-ms</Extensions>
    </Filter>
    <Filter Include="Resource Files\Scenes">
      <UniqueIdentifier>{2e0188fc-4b8f-4822-b22d-f2e0f2c9b9b4}</UniqueIdentifier>
    </Filter>
    <Filter Include="Resource Files\Materials">
      <UniqueIdentifier>{3f3746f2-8098-4e88-80c9-2cb9eec7b4d2}</UniqueIdentifier>
    </Filter>
    <Filter Include="Resource Files\Shaders">
      <UniqueIdentifier>{89c3a9c2-5c08-4234-aeb3-c38c73066d63}</UniqueIdentifier>
    </Filter>
    <Filter Include="Resource Files\Shaders\unlit">
      <UniqueIdentifier>{b7ab536f-2039-4f09-8f87-df4898f43275}</UniqueIdentifier>
    </Filter>
    <Filter Include="Resource Files\Shaders\postprocess">
      <UniqueIdentifier>{262688dc-b88c-4d3d-b1a3-d17b4cd325de}</UniqueIdentifier>
    </Filter>
    <Filter Include="Resource Files\Shaders\lit">
      <UniqueIdentifier>{4356c797-6e1f-4c55-90d2-42e4e700b31d}</UniqueIdentifier>
    </Filter>
    <Filter Include="Resource Files\Shaders\fx">
      <UniqueIdentifier>{81e9b245-25eb-4cea-a026-8b297d7ea563}</UniqueIdentifier>
    </Filter>
  </ItemGroup>
  <ItemGroup>
    <ClCompile Include="Main.cpp">
      <Filter>Source Files</Filter>
    </ClCompile>
  </ItemGroup>
  <ItemGroup>
    <None Include="..\Build\Assets\Scenes\basic_lit.scn">
      <Filter>Resource Files\Scenes</Filter>
    </None>
    <None Include="..\Build\Assets\Scenes\basic.scn">
      <Filter>Resource Files\Scenes</Filter>
    </None>
    <None Include="..\Build\Assets\Materials\box.mtrl">
      <Filter>Resource Files\Materials</Filter>
    </None>
    <None Include="..\Build\Assets\Materials\ogre.mtrl">
      <Filter>Resource Files\Materials</Filter>
    </None>
    <None Include="..\Build\Assets\Scenes\texture.scn">
      <Filter>Resource Files\Scenes</Filter>
    </None>
    <None Include="..\Build\Assets\Materials\multi.mtrl">
      <Filter>Resource Files\Materials</Filter>
    </None>
    <None Include="..\Build\Assets\Shaders\lit\texture.frag">
      <Filter>Resource Files\Shaders\lit</Filter>
    </None>
    <None Include="..\Build\Assets\Shaders\lit\texture.prog">
      <Filter>Resource Files\Shaders\lit</Filter>
    </None>
    <None Include="..\Build\Assets\Shaders\lit\texture.vert">
      <Filter>Resource Files\Shaders\lit</Filter>
    </None>
    <None Include="..\Build\Assets\Shaders\lit\texture_normal.frag">
      <Filter>Resource Files\Shaders\lit</Filter>
    </None>
    <None Include="..\Build\Assets\Shaders\lit\texture_normal.prog">
      <Filter>Resource Files\Shaders\lit</Filter>
    </None>
    <None Include="..\Build\Assets\Shaders\lit\texture_normal.vert">
      <Filter>Resource Files\Shaders\lit</Filter>
    </None>
    <None Include="..\Build\Assets\Shaders\unlit\color.frag">
      <Filter>Resource Files\Shaders\unlit</Filter>
    </None>
    <None Include="..\Build\Assets\Shaders\unlit\color.prog">
      <Filter>Resource Files\Shaders\unlit</Filter>
    </None>
    <None Include="..\Build\Assets\Shaders\unlit\color.vert">
      <Filter>Resource Files\Shaders\unlit</Filter>
    </None>
    <None Include="..\Build\Assets\Shaders\unlit\texture.frag">
      <Filter>Resource Files\Shaders\unlit</Filter>
    </None>
    <None Include="..\Build\Assets\Shaders\unlit\texture.prog">
      <Filter>Resource Files\Shaders\unlit</Filter>
    </None>
    <None Include="..\Build\Assets\Shaders\unlit\texture.vert">
      <Filter>Resource Files\Shaders\unlit</Filter>
    </None>
    <None Include="..\Build\Assets\Shaders\fx\toon.frag">
      <Filter>Resource Files\Shaders\fx</Filter>
    </None>
    <None Include="..\Build\Assets\Shaders\fx\toon.prog">
      <Filter>Resource Files\Shaders\fx</Filter>
    </None>
    <None Include="..\Build\Assets\Shaders\fx\toon.vert">
      <Filter>Resource Files\Shaders\fx</Filter>
    </None>
    <None Include="..\Build\Assets\Materials\squirrel.mtrl">
      <Filter>Resource Files\Materials</Filter>
    </None>
    <None Include="..\Build\Assets\Scenes\rtt.scn">
      <Filter>Resource Files\Scenes</Filter>
    </None>
    <None Include="..\Build\Assets\Materials\rtt.mtrl">
      <Filter>Resource Files\Materials</Filter>
    </None>
    <None Include="..\Build\Assets\Materials\skybox.mtrl">
      <Filter>Resource Files\Materials</Filter>
    </None>
    <None Include="..\Build\Assets\Materials\spot.mtrl">
      <Filter>Resource Files\Materials</Filter>
    </None>
    <None Include="..\Build\Assets\Materials\emissive.mtrl">
      <Filter>Resource Files\Materials</Filter>
    </None>
    <None Include="..\Build\Assets\Materials\grass.mtrl">
      <Filter>Resource Files\Materials</Filter>
    </None>
    <None Include="..\Build\Assets\Materials\ground.mtrl">
      <Filter>Resource Files\Materials</Filter>
    </None>
    <None Include="..\Build\Assets\Materials\reflection.mtrl">
      <Filter>Resource Files\Materials</Filter>
    </None>
    <None Include="..\Build\Assets\Materials\refraction.mtrl">
      <Filter>Resource Files\Materials</Filter>
    </None>
    <None Include="..\Build\Assets\Shaders\PostProcess\postprocess.frag">
      <Filter>Resource Files\Shaders\postprocess</Filter>
    </None>
    <None Include="..\Build\Assets\Shaders\PostProcess\postprocess.prog">
      <Filter>Resource Files\Shaders\postprocess</Filter>
    </None>
    <None Include="..\Build\Assets\Shaders\PostProcess\postprocess.vert">
      <Filter>Resource Files\Shaders\postprocess</Filter>
    </None>
    <None Include="..\Build\Assets\Materials\postprocess.mtrl">
      <Filter>Resource Files\Materials</Filter>
    </None>
  </ItemGroup>
</Project>